
Microsoft Visual Studio Solution File, Format Version 12.00
# Visual Studio Version 17
VisualStudioVersion = 17.0.32014.148
MinimumVisualStudioVersion = 10.0.40219.1
Project("{FAE04EC0-301F-11D3-BF4B-00C04F79EFBC}") = "CourseWork", "CourseWork\CourseWork.csproj", "{6A7E7257-38BB-4E02-BC3F-9EBBB22E3103}"
EndProject
Project("{9A19103F-16F7-4668-BE54-9A1E7A4F7556}") = "Model", "Model\Model.csproj", "{1E4ACBFA-4DDA-42F8-BE76-FBDF26016F2E}"
EndProject
Project("{9A19103F-16F7-4668-BE54-9A1E7A4F7556}") = "DataBaseAccess", "DataBaseAccess\DataBaseAccess.csproj", "{7A1D4879-7568-48CD-AD60-612ECC7C2204}"
EndProject
Global
	GlobalSection(SolutionConfigurationPlatforms) = preSolution
		Debug|Any CPU = Debug|Any CPU
		Release|Any CPU = Release|Any CPU
	EndGlobalSection
	GlobalSection(ProjectConfigurationPlatforms) = postSolution
		{6A7E7257-38BB-4E02-BC3F-9EBBB22E3103}.Debug|Any CPU.ActiveCfg = Debug|Any CPU
		{6A7E7257-38BB-4E02-BC3F-9EBBB22E3103}.Debug|Any CPU.Build.0 = Debug|Any CPU
		{6A7E7257-38BB-4E02-BC3F-9EBBB22E3103}.Release|Any CPU.ActiveCfg = Release|Any CPU
		{6A7E7257-38BB-4E02-BC3F-9EBBB22E3103}.Release|Any CPU.Build.0 = Release|Any CPU
		{1E4ACBFA-4DDA-42F8-BE76-FBDF26016F2E}.Debug|Any CPU.ActiveCfg = Debug|Any CPU
		{1E4ACBFA-4DDA-42F8-BE76-FBDF26016F2E}.Debug|Any CPU.Build.0 = Debug|Any CPU
		{1E4ACBFA-4DDA-42F8-BE76-FBDF26016F2E}.Release|Any CPU.ActiveCfg = Release|Any CPU
		{1E4ACBFA-4DDA-42F8-BE76-FBDF26016F2E}.Release|Any CPU.Build.0 = Release|Any CPU
		{7A1D4879-7568-48CD-AD60-612ECC7C2204}.Debug|Any CPU.ActiveCfg = Debug|Any CPU
		{7A1D4879-7568-48CD-AD60-612ECC7C2204}.Debug|Any CPU.Build.0 = Debug|Any CPU
		{7A1D4879-7568-48CD-AD60-612ECC7C2204}.Release|Any CPU.ActiveCfg = Release|Any CPU
		{7A1D4879-7568-48CD-AD60-612ECC7C2204}.Release|Any CPU.Build.0 = Release|Any CPU
	EndGlobalSection
	GlobalSection(SolutionProperties) = preSolution
		HideSolutionNode = FALSE
	EndGlobalSection
	GlobalSection(ExtensibilityGlobals) = postSolution
		SolutionGuid = {BA149B91-1703-40F3-9B47-6CAD24968FED}
	EndGlobalSection
EndGlobal
